schema: '2.0'
stages:
  train:
    cmd: uv run python src/training/train.py
    deps:
    - path: data/processed/train.csv
      hash: md5
      md5: cef575dd90982de8ae87064b1dc080b3
      size: 33151
    - path: src/training/train.py
      hash: md5
      md5: 488af8fe316dc15bb58761e44f1a15f5
      size: 1401
    outs:
    - path: models/model.pkl
      hash: md5
      md5: ac74a690441cfa7a7c8fae4208a27b40
      size: 2172713
